
Microsoft Visual Studio Solution File, Format Version 12.00
# Visual Studio Version 17
VisualStudioVersion = 17.10.35027.167
MinimumVisualStudioVersion = 10.0.40219.1
Project("{FAE04EC0-301F-11D3-BF4B-00C04F79EFBC}") = "WebApp", "WebApp\WebApp.csproj", "{D464F8C0-50FC-425C-9831-7041DB31BA74}"
EndProject
Global
	GlobalSection(SolutionConfigurationPlatforms) = preSolution
		Debug|Any CPU = Debug|Any CPU
		Release|Any CPU = Release|Any CPU
	EndGlobalSection
	GlobalSection(ProjectConfigurationPlatforms) = postSolution
		{D464F8C0-50FC-425C-9831-7041DB31BA74}.Debug|Any CPU.ActiveCfg = Debug|Any CPU
		{D464F8C0-50FC-425C-9831-7041DB31BA74}.Debug|Any CPU.Build.0 = Debug|Any CPU
		{D464F8C0-50FC-425C-9831-7041DB31BA74}.Release|Any CPU.ActiveCfg = Release|Any CPU
		{D464F8C0-50FC-425C-9831-7041DB31BA74}.Release|Any CPU.Build.0 = Release|Any CPU
	EndGlobalSection
	GlobalSection(SolutionProperties) = preSolution
		HideSolutionNode = FALSE
	EndGlobalSection
	GlobalSection(ExtensibilityGlobals) = postSolution
		SolutionGuid = {6844DF4B-C8B5-4D3F-B8B9-3091A6BF45CC}
	EndGlobalSection
EndGlobal
